
Microsoft Visual Studio Solution File, Format Version 12.00
# Visual Studio Version 17
VisualStudioVersion = 17.7.34031.279
MinimumVisualStudioVersion = 10.0.40219.1
Project("{FAE04EC0-301F-11D3-BF4B-00C04F79EFBC}") = "Test8", "Test8\Test8.csproj", "{397CCF7B-72BE-4BA6-81AF-E3FB69D85854}"
EndProject
Global
	GlobalSection(SolutionConfigurationPlatforms) = preSolution
		Debug|Any CPU = Debug|Any CPU
		Release|Any CPU = Release|Any CPU
	EndGlobalSection
	GlobalSection(ProjectConfigurationPlatforms) = postSolution
		{397CCF7B-72BE-4BA6-81AF-E3FB69D85854}.Debug|Any CPU.ActiveCfg = Debug|Any CPU
		{397CCF7B-72BE-4BA6-81AF-E3FB69D85854}.Debug|Any CPU.Build.0 = Debug|Any CPU
		{397CCF7B-72BE-4BA6-81AF-E3FB69D85854}.Release|Any CPU.ActiveCfg = Release|Any CPU
		{397CCF7B-72BE-4BA6-81AF-E3FB69D85854}.Release|Any CPU.Build.0 = Release|Any CPU
	EndGlobalSection
	GlobalSection(SolutionProperties) = preSolution
		HideSolutionNode = FALSE
	EndGlobalSection
	GlobalSection(ExtensibilityGlobals) = postSolution
		SolutionGuid = {AFD30562-E994-4B4D-876E-362CA90FD00C}
	EndGlobalSection
EndGlobal
