
Microsoft Visual Studio Solution File, Format Version 12.00
# Visual Studio Version 17
VisualStudioVersion = 17.11.35201.85
MinimumVisualStudioVersion = 10.0.40219.1
Project("{FAE04EC0-301F-11D3-BF4B-00C04F79EFBC}") = "BT2_Tuan4_2", "BT2_Tuan4_2\BT2_Tuan4_2.csproj", "{792A24A4-409E-40D5-96A8-C2D169C781F6}"
EndProject
Global
	GlobalSection(SolutionConfigurationPlatforms) = preSolution
		Debug|Any CPU = Debug|Any CPU
		Release|Any CPU = Release|Any CPU
	EndGlobalSection
	GlobalSection(ProjectConfigurationPlatforms) = postSolution
		{792A24A4-409E-40D5-96A8-C2D169C781F6}.Debug|Any CPU.ActiveCfg = Debug|Any CPU
		{792A24A4-409E-40D5-96A8-C2D169C781F6}.Debug|Any CPU.Build.0 = Debug|Any CPU
		{792A24A4-409E-40D5-96A8-C2D169C781F6}.Release|Any CPU.ActiveCfg = Release|Any CPU
		{792A24A4-409E-40D5-96A8-C2D169C781F6}.Release|Any CPU.Build.0 = Release|Any CPU
	EndGlobalSection
	GlobalSection(SolutionProperties) = preSolution
		HideSolutionNode = FALSE
	EndGlobalSection
	GlobalSection(ExtensibilityGlobals) = postSolution
		SolutionGuid = {B0703E99-3070-400C-8EBC-C29DD2832B9E}
	EndGlobalSection
EndGlobal
